
Microsoft Visual Studio Solution File, Format Version 12.00
# Visual Studio Version 17
VisualStudioVersion = 17.6.33829.357
MinimumVisualStudioVersion = 10.0.40219.1
Project("{FAE04EC0-301F-11D3-BF4B-00C04F79EFBC}") = "Beypazari", "Beypazari\Beypazari.csproj", "{2AD452AE-AD87-4532-961B-41D165265D54}"
EndProject
Project("{FAE04EC0-301F-11D3-BF4B-00C04F79EFBC}") = "AdanaSuck", "AdanaSuck\AdanaSuck.csproj", "{5F9A2236-CD9C-4D65-8E20-897B6AB07604}"
EndProject
Global
	GlobalSection(SolutionConfigurationPlatforms) = preSolution
		Debug|Any CPU = Debug|Any CPU
		Release|Any CPU = Release|Any CPU
	EndGlobalSection
	GlobalSection(ProjectConfigurationPlatforms) = postSolution
		{2AD452AE-AD87-4532-961B-41D165265D54}.Debug|Any CPU.ActiveCfg = Debug|Any CPU
		{2AD452AE-AD87-4532-961B-41D165265D54}.Debug|Any CPU.Build.0 = Debug|Any CPU
		{2AD452AE-AD87-4532-961B-41D165265D54}.Release|Any CPU.ActiveCfg = Release|Any CPU
		{2AD452AE-AD87-4532-961B-41D165265D54}.Release|Any CPU.Build.0 = Release|Any CPU
		{5F9A2236-CD9C-4D65-8E20-897B6AB07604}.Debug|Any CPU.ActiveCfg = Debug|Any CPU
		{5F9A2236-CD9C-4D65-8E20-897B6AB07604}.Debug|Any CPU.Build.0 = Debug|Any CPU
		{5F9A2236-CD9C-4D65-8E20-897B6AB07604}.Release|Any CPU.ActiveCfg = Release|Any CPU
		{5F9A2236-CD9C-4D65-8E20-897B6AB07604}.Release|Any CPU.Build.0 = Release|Any CPU
	EndGlobalSection
	GlobalSection(SolutionProperties) = preSolution
		HideSolutionNode = FALSE
	EndGlobalSection
	GlobalSection(ExtensibilityGlobals) = postSolution
		SolutionGuid = {460BD7F6-7615-46A6-83B3-35422029BAA7}
	EndGlobalSection
EndGlobal
